
Microsoft Visual Studio Solution File, Format Version 12.00
# Visual Studio Version 16
VisualStudioVersion = 16.0.28729.10
MinimumVisualStudioVersion = 10.0.40219.1
Project("{FAE04EC0-301F-11D3-BF4B-00C04F79EFBC}") = "WebApplication3Updated", "WebApplication3Updated\WebApplication3Updated.csproj", "{8A15B37C-AFFC-4EBD-92C1-FA270F36BE5F}"
EndProject
Global
	GlobalSection(SolutionConfigurationPlatforms) = preSolution
		Debug|Any CPU = Debug|Any CPU
		Release|Any CPU = Release|Any CPU
	EndGlobalSection
	GlobalSection(ProjectConfigurationPlatforms) = postSolution
		{8A15B37C-AFFC-4EBD-92C1-FA270F36BE5F}.Debug|Any CPU.ActiveCfg = Debug|Any CPU
		{8A15B37C-AFFC-4EBD-92C1-FA270F36BE5F}.Debug|Any CPU.Build.0 = Debug|Any CPU
		{8A15B37C-AFFC-4EBD-92C1-FA270F36BE5F}.Release|Any CPU.ActiveCfg = Release|Any CPU
		{8A15B37C-AFFC-4EBD-92C1-FA270F36BE5F}.Release|Any CPU.Build.0 = Release|Any CPU
	EndGlobalSection
	GlobalSection(SolutionProperties) = preSolution
		HideSolutionNode = FALSE
	EndGlobalSection
	GlobalSection(ExtensibilityGlobals) = postSolution
		SolutionGuid = {71212DE4-1902-49C5-A096-91D272F58FFA}
	EndGlobalSection
EndGlobal
